
Microsoft Visual Studio Solution File, Format Version 12.00
# Visual Studio Version 17
VisualStudioVersion = 17.7.34024.191
MinimumVisualStudioVersion = 10.0.40219.1
Project("{FAE04EC0-301F-11D3-BF4B-00C04F79EFBC}") = "Övning11.2", "Övning11.2.csproj", "{5DD6AA8C-6484-4D75-A3A9-AF094A3D7C40}"
EndProject
Global
	GlobalSection(SolutionConfigurationPlatforms) = preSolution
		Debug|Any CPU = Debug|Any CPU
		Release|Any CPU = Release|Any CPU
	EndGlobalSection
	GlobalSection(ProjectConfigurationPlatforms) = postSolution
		{5DD6AA8C-6484-4D75-A3A9-AF094A3D7C40}.Debug|Any CPU.ActiveCfg = Debug|Any CPU
		{5DD6AA8C-6484-4D75-A3A9-AF094A3D7C40}.Debug|Any CPU.Build.0 = Debug|Any CPU
		{5DD6AA8C-6484-4D75-A3A9-AF094A3D7C40}.Release|Any CPU.ActiveCfg = Release|Any CPU
		{5DD6AA8C-6484-4D75-A3A9-AF094A3D7C40}.Release|Any CPU.Build.0 = Release|Any CPU
	EndGlobalSection
	GlobalSection(SolutionProperties) = preSolution
		HideSolutionNode = FALSE
	EndGlobalSection
	GlobalSection(ExtensibilityGlobals) = postSolution
		SolutionGuid = {5C59E449-6564-4B3D-BC1D-E4E5871454AD}
	EndGlobalSection
EndGlobal
